<?xml version="1.0" encoding="utf-8"?>
<Project ToolsVersion="4.0" xmlns="http://schemas.microsoft.com/developer/msbuild/2003">
  <ItemGroup>
    <Filter Include="Source Files">
      <UniqueIdentifier>{39a473ea-9c70-4ef2-851c-c2d048bfa285}</UniqueIdentifier>
      <Extensions>cpp</Extensions>
    </Filter>
    <Filter Include="Header Files">
      <UniqueIdentifier>{4723e622-54ec-40f5-9c6f-ddc8dcedc3ce}</UniqueIdentifier>
      <Extensions>h</Extensions>
    </Filter>
    <Filter Include="utility">
      <UniqueIdentifier>{186eb049-ed2b-45c1-9502-35ad7d20e1ce}</UniqueIdentifier>
    </Filter>
  </ItemGroup>
  <ItemGroup>
    <ClCompile Include="adjacent_find.cpp">
      <Filter>Source Files</Filter>
    </ClCompile>
    <ClCompile Include="array.cpp">
      <Filter>Source Files</Filter>
    </ClCompile>
    <ClCompile Include="deltas.cpp">
      <Filter>Source Files</Filter>
    </ClCompile>
    <ClCompile Include="drop.cpp">
      <Filter>Source Files</Filter>
    </ClCompile>
    <ClCompile Include="empty.cpp">
      <Filter>Source Files</Filter>
    </ClCompile>
    <ClCompile Include="getset.cpp">
      <Filter>Source Files</Filter>
    </ClCompile>
    <ClCompile Include="grade.cpp">
      <Filter>Source Files</Filter>
    </ClCompile>
    <ClCompile Include="index.cpp">
      <Filter>Source Files</Filter>
    </ClCompile>
    <ClCompile Include="interval.cpp">
      <Filter>Source Files</Filter>
    </ClCompile>
    <ClCompile Include="mask.cpp">
      <Filter>Source Files</Filter>
    </ClCompile>
    <ClCompile Include="member.cpp">
      <Filter>Source Files</Filter>
    </ClCompile>
    <ClCompile Include="reshape.cpp">
      <Filter>Source Files</Filter>
    </ClCompile>
    <ClCompile Include="sequence.cpp">
      <Filter>Source Files</Filter>
    </ClCompile>
    <ClCompile Include="sort.cpp">
      <Filter>Source Files</Filter>
    </ClCompile>
    <ClCompile Include="splice.cpp">
      <Filter>Source Files</Filter>
    </ClCompile>
    <ClCompile Include="sums.cpp">
      <Filter>Source Files</Filter>
    </ClCompile>
    <ClCompile Include="take.cpp">
      <Filter>Source Files</Filter>
    </ClCompile>
    <ClCompile Include="unique.cpp">
      <Filter>Source Files</Filter>
    </ClCompile>
    <ClCompile Include="where.cpp">
      <Filter>Source Files</Filter>
    </ClCompile>
    <ClCompile Include="zot.cpp">
      <Filter>Source Files</Filter>
    </ClCompile>
    <ClCompile Include="..\xllutility\depends.cpp">
      <Filter>utility</Filter>
    </ClCompile>
    <ClCompile Include="..\xllutility\utility.cpp">
      <Filter>utility</Filter>
    </ClCompile>
    <ClCompile Include="..\xllutility\this.cpp">
      <Filter>utility</Filter>
    </ClCompile>
    <ClCompile Include="..\xllutility\caller.cpp">
      <Filter>utility</Filter>
    </ClCompile>
    <ClCompile Include="..\xllutility\addin.cpp">
      <Filter>utility</Filter>
    </ClCompile>
    <ClCompile Include="..\xllutility\document.cpp">
      <Filter>utility</Filter>
    </ClCompile>
    <ClCompile Include="buffer.cpp">
      <Filter>Source Files</Filter>
    </ClCompile>
  </ItemGroup>
  <ItemGroup>
    <ClInclude Include="array.h">
      <Filter>Header Files</Filter>
    </ClInclude>
    <ClInclude Include="command.h">
      <Filter>Header Files</Filter>
    </ClInclude>
    <ClInclude Include="..\xllutility\document.h">
      <Filter>utility</Filter>
    </ClInclude>
  </ItemGroup>
  <ItemGroup>
    <None Include="array.xml" />
  </ItemGroup>
</Project>